// !$*UTF8*$!
{
	archiveVersion = 1;
	classes = {
	};
	objectVersion = 46;
	objects = {

/* Begin PBXBuildFile section */
		9333030D1A606A0B00236A80 /* AppDelegate.swift in Sources */ = {isa = PBXBuildFile; fileRef = 9333030C1A606A0B00236A80 /* AppDelegate.swift */; };
		9333030F1A606A0B00236A80 /* ViewController.swift in Sources */ = {isa = PBXBuildFile; fileRef = 9333030E1A606A0B00236A80 /* ViewController.swift */; };
		933303121A606A0B00236A80 /* Main.storyboard in Resources */ = {isa = PBXBuildFile; fileRef = 933303101A606A0B00236A80 /* Main.storyboard */; };
		933303141A606A0B00236A80 /* Images.xcassets in Resources */ = {isa = PBXBuildFile; fileRef = 933303131A606A0B00236A80 /* Images.xcassets */; };
		933303171A606A0B00236A80 /* LaunchScreen.xib in Resources */ = {isa = PBXBuildFile; fileRef = 933303151A606A0B00236A80 /* LaunchScreen.xib */; };
		933303231A606A0B00236A80 /* take7Tests.swift in Sources */ = {isa = PBXBuildFile; fileRef = 933303221A606A0B00236A80 /* take7Tests.swift */; };
/* End PBXBuildFile section */

/* Begin PBXContainerItemProxy section */
		9333031D1A606A0B00236A80 /* PBXContainerItemProxy */ = {
			isa = PBXContainerItemProxy;
			containerPortal = 933302FF1A606A0B00236A80 /* Project object */;
			proxyType = 1;
			remoteGlobalIDString = 933303061A606A0B00236A80;
			remoteInfo = take7;
		};
/* End PBXContainerItemProxy section */

/* Begin PBXFileReference section */
		933303071A606A0B00236A80 /* take7.app */ = {isa = PBXFileReference; explicitFileType = wrapper.application; includeInIndex = 0; path = take7.app; sourceTree = BUILT_PRODUCTS_DIR; };
		9333030B1A606A0B00236A80 /* Info.plist */ = {isa = PBXFileReference; lastKnownFileType = text.plist.xml; path = Info.plist; sourceTree = "<group>"; };
		9333030C1A606A0B00236A80 /* AppDelegate.swift */ = {isa = PBXFileReference; lastKnownFileType = sourcecode.swift; path = AppDelegate.swift; sourceTree = "<group>"; };
		9333030E1A606A0B00236A80 /* ViewController.swift */ = {isa = PBXFileReference; lastKnownFileType = sourcecode.swift; path = ViewController.swift; sourceTree = "<group>"; };
		933303111A606A0B00236A80 /* Base */ = {isa = PBXFileReference; lastKnownFileType = file.storyboard; name = Base; path = Base.lproj/Main.storyboard; sourceTree = "<group>"; };
		933303131A606A0B00236A80 /* Images.xcassets */ = {isa = PBXFileReference; lastKnownFileType = folder.assetcatalog; path = Images.xcassets; sourceTree = "<group>"; };
		933303161A606A0B00236A80 /* Base */ = {isa = PBXFileReference; lastKnownFileType = file.xib; name = Base; path = Base.lproj/LaunchScreen.xib; sourceTree = "<group>"; };
		9333031C1A606A0B00236A80 /* take7Tests.xctest */ = {isa = PBXFileReference; explicitFileType = wrapper.cfbundle; includeInIndex = 0; path = take7Tests.xctest; sourceTree = BUILT_PRODUCTS_DIR; };
		933303211A606A0B00236A80 /* Info.plist */ = {isa = PBXFileReference; lastKnownFileType = text.plist.xml; path = Info.plist; sourceTree = "<group>"; };
		933303221A606A0B00236A80 /* take7Tests.swift */ = {isa = PBXFileReference; lastKnownFileType = sourcecode.swift; path = take7Tests.swift; sourceTree = "<group>"; };
/* End PBXFileReference section */

/* Begin PBXFrameworksBuildPhase section */
		933303041A606A0B00236A80 /* Frameworks */ = {
			isa = PBXFrameworksBuildPhase;
			buildActionMask = 2147483647;
			files = (
			);
			runOnlyForDeploymentPostprocessing = 0;
		};
		933303191A606A0B00236A80 /* Frameworks */ = {
			isa = PBXFrameworksBuildPhase;
			buildActionMask = 2147483647;
			files = (
			);
			runOnlyForDeploymentPostprocessing = 0;
		};
/* End PBXFrameworksBuildPhase section */

/* Begin PBXGroup section */
		933302FE1A606A0B00236A80 = {
			isa = PBXGroup;
			children = (
				933303091A606A0B00236A80 /* take7 */,
				9333031F1A606A0B00236A80 /* take7Tests */,
				933303081A606A0B00236A80 /* Products */,
			);
			sourceTree = "<group>";
		};
		933303081A606A0B00236A80 /* Products */ = {
			isa = PBXGroup;
			children = (
				933303071A606A0B00236A80 /* take7.app */,
				9333031C1A606A0B00236A80 /* take7Tests.xctest */,
			);
			name = Products;
			sourceTree = "<group>";
		};
		933303091A606A0B00236A80 /* take7 */ = {
			isa = PBXGroup;
			children = (
				9333030C1A606A0B00236A80 /* AppDelegate.swift */,
				9333030E1A606A0B00236A80 /* ViewController.swift */,
				933303101A606A0B00236A80 /* Main.storyboard */,
				933303131A606A0B00236A80 /* Images.xcassets */,
				933303151A606A0B00236A80 /* LaunchScreen.xib */,
				9333030A1A606A0B00236A80 /* Supporting Files */,
			);
			path = take7;
			sourceTree = "<group>";
		};
		9333030A1A606A0B00236A80 /* Supporting Files */ = {
			isa = PBXGroup;
			children = (
				9333030B1A606A0B00236A80 /* Info.plist */,
			);
			name = "Supporting Files";
			sourceTree = "<group>";
		};
		9333031F1A606A0B00236A80 /* take7Tests */ = {
			isa = PBXGroup;
			children = (
				933303221A606A0B00236A80 /* take7Tests.swift */,
				933303201A606A0B00236A80 /* Supporting Files */,
			);
			path = take7Tests;
			sourceTree = "<group>";
		};
		933303201A606A0B00236A80 /* Supporting Files */ = {
			isa = PBXGroup;
			children = (
				933303211A606A0B00236A80 /* Info.plist */,
			);
			name = "Supporting Files";
			sourceTree = "<group>";
		};
/* End PBXGroup section */

/* Begin PBXNativeTarget section */
		933303061A606A0B00236A80 /* take7 */ = {
			isa = PBXNativeTarget;
			buildConfigurationList = 933303261A606A0B00236A80 /* Build configuration list for PBXNativeTarget "take7" */;
			buildPhases = (
				933303031A606A0B00236A80 /* Sources */,
				933303041A606A0B00236A80 /* Frameworks */,
				933303051A606A0B00236A80 /* Resources */,
			);
			buildRules = (
			);
			dependencies = (
			);
			name = take7;
			productName = take7;
			productReference = 933303071A606A0B00236A80 /* take7.app */;
			productType = "com.apple.product-type.application";
		};
		9333031B1A606A0B00236A80 /* take7Tests */ = {
			isa = PBXNativeTarget;
			buildConfigurationList = 933303291A606A0B00236A80 /* Build configuration list for PBXNativeTarget "take7Tests" */;
			buildPhases = (
				933303181A606A0B00236A80 /* Sources */,
				933303191A606A0B00236A80 /* Frameworks */,
				9333031A1A606A0B00236A80 /* Resources */,
			);
			buildRules = (
			);
			dependencies = (
				9333031E1A606A0B00236A80 /* PBXTargetDependency */,
			);
			name = take7Tests;
			productName = take7Tests;
			productReference = 9333031C1A606A0B00236A80 /* take7Tests.xctest */;
			productType = "com.apple.product-type.bundle.unit-test";
		};
/* End PBXNativeTarget section */

/* Begin PBXProject section */
		933302FF1A606A0B00236A80 /* Project object */ = {
			isa = PBXProject;
			attributes = {
				LastUpgradeCheck = 0610;
				ORGANIZATIONNAME = "Jude Walinder";
				TargetAttributes = {
					933303061A606A0B00236A80 = {
						CreatedOnToolsVersion = 6.1.1;
					};
					9333031B1A606A0B00236A80 = {
						CreatedOnToolsVersion = 6.1.1;
						TestTargetID = 933303061A606A0B00236A80;
					};
				};
			};
			buildConfigurationList = 933303021A606A0B00236A80 /* Build configuration list for PBXProject "take7" */;
			compatibilityVersion = "Xcode 3.2";
			developmentRegion = English;
			hasScannedForEncodings = 0;
			knownRegions = (
				en,
				Base,
			);
			mainGroup = 933302FE1A606A0B00236A80;
			productRefGroup = 933303081A606A0B00236A80 /* Products */;
			projectDirPath = "";
			projectRoot = "";
			targets = (
				933303061A606A0B00236A80 /* take7 */,
				9333031B1A606A0B00236A80 /* take7Tests */,
			);
		};
/* End PBXProject section */

/* Begin PBXResourcesBuildPhase section */
		933303051A606A0B00236A80 /* Resources */ = {
			isa = PBXResourcesBuildPhase;
			buildActionMask = 2147483647;
			files = (
				933303121A606A0B00236A80 /* Main.storyboard in Resources */,
				933303171A606A0B00236A80 /* LaunchScreen.xib in Resources */,
				933303141A606A0B00236A80 /* Images.xcassets in Resources */,
			);
			runOnlyForDeploymentPostprocessing = 0;
		};
		9333031A1A606A0B00236A80 /* Resources */ = {
			isa = PBXResourcesBuildPhase;
			buildActionMask = 2147483647;
			files = (
			);
			runOnlyForDeploymentPostprocessing = 0;
		};
/* End PBXResourcesBuildPhase section */

/* Begin PBXSourcesBuildPhase section */
		933303031A606A0B00236A80 /* Sources */ = {
			isa = PBXSourcesBuildPhase;
			buildActionMask = 2147483647;
			files = (
				9333030F1A606A0B00236A80 /* ViewController.swift in Sources */,
				9333030D1A606A0B00236A80 /* AppDelegate.swift in Sources */,
			);
			runOnlyForDeploymentPostprocessing = 0;
		};
		933303181A606A0B00236A80 /* Sources */ = {
			isa = PBXSourcesBuildPhase;
			buildActionMask = 2147483647;
			files = (
				933303231A606A0B00236A80 /* take7Tests.swift in Sources */,
			);
			runOnlyForDeploymentPostprocessing = 0;
		};
/* End PBXSourcesBuildPhase section */

/* Begin PBXTargetDependency section */
		9333031E1A606A0B00236A80 /* PBXTargetDependency */ = {
			isa = PBXTargetDependency;
			target = 933303061A606A0B00236A80 /* take7 */;
			targetProxy = 9333031D1A606A0B00236A80 /* PBXContainerItemProxy */;
		};
/* End PBXTargetDependency section */

/* Begin PBXVariantGroup section */
		933303101A606A0B00236A80 /* Main.storyboard */ = {
			isa = PBXVariantGroup;
			children = (
				933303111A606A0B00236A80 /* Base */,
			);
			name = Main.storyboard;
			sourceTree = "<group>";
		};
		933303151A606A0B00236A80 /* LaunchScreen.xib */ = {
			isa = PBXVariantGroup;
			children = (
				933303161A606A0B00236A80 /* Base */,
			);
			name = LaunchScreen.xib;
			sourceTree = "<group>";
		};
/* End PBXVariantGroup section */

/* Begin XCBuildConfiguration section */
		933303241A606A0B00236A80 /* Debug */ = {
			isa = XCBuildConfiguration;
			buildSettings = {
				ALWAYS_SEARCH_USER_PATHS = NO;
				CLANG_CXX_LANGUAGE_STANDARD = "gnu++0x";
				CLANG_CXX_LIBRARY = "libc++";
				CLANG_ENABLE_MODULES = YES;
				CLANG_ENABLE_OBJC_ARC = YES;
				CLANG_WARN_BOOL_CONVERSION = YES;
				CLANG_WARN_CONSTANT_CONVERSION = YES;
				CLANG_WARN_DIRECT_OBJC_ISA_USAGE = YES_ERROR;
				CLANG_WARN_EMPTY_BODY = YES;
				CLANG_WARN_ENUM_CONVERSION = YES;
				CLANG_WARN_INT_CONVERSION = YES;
				CLANG_WARN_OBJC_ROOT_CLASS = YES_ERROR;
				CLANG_WARN_UNREACHABLE_CODE = YES;
				CLANG_WARN__DUPLICATE_METHOD_MATCH = YES;
				"CODE_SIGN_IDENTITY[sdk=iphoneos*]" = "iPhone Developer";
				COPY_PHASE_STRIP = NO;
				ENABLE_STRICT_OBJC_MSGSEND = YES;
				GCC_C_LANGUAGE_STANDARD = gnu99;
				GCC_DYNAMIC_NO_PIC = NO;
				GCC_OPTIMIZATION_LEVEL = 0;
				GCC_PREPROCESSOR_DEFINITIONS = (
					"DEBUG=1",
					"$(inherited)",
				);
				GCC_SYMBOLS_PRIVATE_EXTERN = NO;
				GCC_WARN_64_TO_32_BIT_CONVERSION = YES;
				GCC_WARN_ABOUT_RETURN_TYPE = YES_ERROR;
				GCC_WARN_UNDECLARED_SELECTOR = YES;
				GCC_WARN_UNINITIALIZED_AUTOS = YES_AGGRESSIVE;
				GCC_WARN_UNUSED_FUNCTION = YES;
				GCC_WARN_UNUSED_VARIABLE = YES;
				IPHONEOS_DEPLOYMENT_TARGET = 8.1;
				MTL_ENABLE_DEBUG_INFO = YES;
				ONLY_ACTIVE_ARCH = YES;
				SDKROOT = iphoneos;
				SWIFT_OPTIMIZATION_LEVEL = "-Onone";
				TARGETED_DEVICE_FAMILY = "1,2";
			};
			name = Debug;
		};
		933303251A606A0B00236A80 /* Release */ = {
			isa = XCBuildConfiguration;
			buildSettings = {
				ALWAYS_SEARCH_USER_PATHS = NO;
				CLANG_CXX_LANGUAGE_STANDARD = "gnu++0x";
				CLANG_CXX_LIBRARY = "libc++";
				CLANG_ENABLE_MODULES = YES;
				CLANG_ENABLE_OBJC_ARC = YES;
				CLANG_WARN_BOOL_CONVERSION = YES;
				CLANG_WARN_CONSTANT_CONVERSION = YES;
				CLANG_WARN_DIRECT_OBJC_ISA_USAGE = YES_ERROR;
				CLANG_WARN_EMPTY_BODY = YES;
				CLANG_WARN_ENUM_CONVERSION = YES;
				CLANG_WARN_INT_CONVERSION = YES;
				CLANG_WARN_OBJC_ROOT_CLASS = YES_ERROR;
				CLANG_WARN_UNREACHABLE_CODE = YES;
				CLANG_WARN__DUPLICATE_METHOD_MATCH = YES;
				"CODE_SIGN_IDENTITY[sdk=iphoneos*]" = "iPhone Developer";
				COPY_PHASE_STRIP = YES;
				ENABLE_NS_ASSERTIONS = NO;
				ENABLE_STRICT_OBJC_MSGSEND = YES;
				GCC_C_LANGUAGE_STANDARD = gnu99;
				GCC_WARN_64_TO_32_BIT_CONVERSION = YES;
				GCC_WARN_ABOUT_RETURN_TYPE = YES_ERROR;
				GCC_WARN_UNDECLARED_SELECTOR = YES;
				GCC_WARN_UNINITIALIZED_AUTOS = YES_AGGRESSIVE;
				GCC_WARN_UNUSED_FUNCTION = YES;
				GCC_WARN_UNUSED_VARIABLE = YES;
				IPHONEOS_DEPLOYMENT_TARGET = 8.1;
				MTL_ENABLE_DEBUG_INFO = NO;
				SDKROOT = iphoneos;
				TARGETED_DEVICE_FAMILY = "1,2";
				VALIDATE_PRODUCT = YES;
			};
			name = Release;
		};
		933303271A606A0B00236A80 /* Debug */ = {
			isa = XCBuildConfiguration;
			buildSettings = {
				ASSETCATALOG_COMPILER_APPICON_NAME = AppIcon;
				INFOPLIST_FILE = take7/Info.plist;
				LD_RUNPATH_SEARCH_PATHS = "$(inherited) @executable_path/Frameworks";
				PRODUCT_NAME = "$(TARGET_NAME)";
			};
			name = Debug;
		};
		933303281A606A0B00236A80 /* Release */ = {
			isa = XCBuildConfiguration;
			buildSettings = {
				ASSETCATALOG_COMPILER_APPICON_NAME = AppIcon;
				INFOPLIST_FILE = take7/Info.plist;
				LD_RUNPATH_SEARCH_PATHS = "$(inherited) @executable_path/Frameworks";
				PRODUCT_NAME = "$(TARGET_NAME)";
			};
			name = Release;
		};
		9333032A1A606A0B00236A80 /* Debug */ = {
			isa = XCBuildConfiguration;
			buildSettings = {
				BUNDLE_LOADER = "$(TEST_HOST)";
				FRAMEWORK_SEARCH_PATHS = (
					"$(SDKROOT)/Developer/Library/Frameworks",
					"$(inherited)",
				);
				GCC_PREPROCESSOR_DEFINITIONS = (
					"DEBUG=1",
					"$(inherited)",
				);
				INFOPLIST_FILE = take7Tests/Info.plist;
				LD_RUNPATH_SEARCH_PATHS = "$(inherited) @executable_path/Frameworks @loader_path/Frameworks";
				PRODUCT_NAME = "$(TARGET_NAME)";
				TEST_HOST = "$(BUILT_PRODUCTS_DIR)/take7.app/take7";
			};
			name = Debug;
		};
		9333032B1A606A0B00236A80 /* Release */ = {
			isa = XCBuildConfiguration;
			buildSettings = {
				BUNDLE_LOADER = "$(TEST_HOST)";
				FRAMEWORK_SEARCH_PATHS = (
					"$(SDKROOT)/Developer/Library/Frameworks",
					"$(inherited)",
				);
				INFOPLIST_FILE = take7Tests/Info.plist;
				LD_RUNPATH_SEARCH_PATHS = "$(inherited) @executable_path/Frameworks @loader_path/Frameworks";
				PRODUCT_NAME = "$(TARGET_NAME)";
				TEST_HOST = "$(BUILT_PRODUCTS_DIR)/take7.app/take7";
			};
			name = Release;
		};
/* End XCBuildConfiguration section */

/* Begin XCConfigurationList section */
		933303021A606A0B00236A80 /* Build configuration list for PBXProject "take7" */ = {
			isa = XCConfigurationList;
			buildConfigurations = (
				933303241A606A0B00236A80 /* Debug */,
				933303251A606A0B00236A80 /* Release */,
			);
			defaultConfigurationIsVisible = 0;
			defaultConfigurationName = Release;
		};
		933303261A606A0B00236A80 /* Build configuration list for PBXNativeTarget "take7" */ = {
			isa = XCConfigurationList;
			buildConfigurations = (
				933303271A606A0B00236A80 /* Debug */,
				933303281A606A0B00236A80 /* Release */,
			);
			defaultConfigurationIsVisible = 0;
		};
		933303291A606A0B00236A80 /* Build configuration list for PBXNativeTarget "take7Tests" */ = {
			isa = XCConfigurationList;
			buildConfigurations = (
				9333032A1A606A0B00236A80 /* Debug */,
				9333032B1A606A0B00236A80 /* Release */,
			);
			defaultConfigurationIsVisible = 0;
		};
/* End XCConfigurationList section */
	};
	rootObject = 933302FF1A606A0B00236A80 /* Project object */;
}
